// !$*UTF8*$!
{
	archiveVersion = 1;
	classes = {
	};
	objectVersion = 46;
	objects = {

/* Begin PBXBuildFile section */
		1DD1816F1E76474300AF16BA /* AppDelegate.swift in Sources */ = {isa = PBXBuildFile; fileRef = 1DD1816E1E76474300AF16BA /* AppDelegate.swift */; };
		1DD181711E76474300AF16BA /* ViewController.swift in Sources */ = {isa = PBXBuildFile; fileRef = 1DD181701E76474300AF16BA /* ViewController.swift */; };
		1DD181741E76474300AF16BA /* Main.storyboard in Resources */ = {isa = PBXBuildFile; fileRef = 1DD181721E76474300AF16BA /* Main.storyboard */; };
		1DD181761E76474300AF16BA /* Assets.xcassets in Resources */ = {isa = PBXBuildFile; fileRef = 1DD181751E76474300AF16BA /* Assets.xcassets */; };
		1DD181791E76474300AF16BA /* LaunchScreen.storyboard in Resources */ = {isa = PBXBuildFile; fileRef = 1DD181771E76474300AF16BA /* LaunchScreen.storyboard */; };
/* End PBXBuildFile section */

/* Begin PBXFileReference section */
		1DD1816B1E76474300AF16BA /* Blue Tooth connection.app */ = {isa = PBXFileReference; explicitFileType = wrapper.application; includeInIndex = 0; path = "Blue Tooth connection.app"; sourceTree = BUILT_PRODUCTS_DIR; };
		1DD1816E1E76474300AF16BA /* AppDelegate.swift */ = {isa = PBXFileReference; lastKnownFileType = sourcecode.swift; path = AppDelegate.swift; sourceTree = "<group>"; };
		1DD181701E76474300AF16BA /* ViewController.swift */ = {isa = PBXFileReference; lastKnownFileType = sourcecode.swift; path = ViewController.swift; sourceTree = "<group>"; };
		1DD181731E76474300AF16BA /* Base */ = {isa = PBXFileReference; lastKnownFileType = file.storyboard; name = Base; path = Base.lproj/Main.storyboard; sourceTree = "<group>"; };
		1DD181751E76474300AF16BA /* Assets.xcassets */ = {isa = PBXFileReference; lastKnownFileType = folder.assetcatalog; path = Assets.xcassets; sourceTree = "<group>"; };
		1DD181781E76474300AF16BA /* Base */ = {isa = PBXFileReference; lastKnownFileType = file.storyboard; name = Base; path = Base.lproj/LaunchScreen.storyboard; sourceTree = "<group>"; };
		1DD1817A1E76474300AF16BA /* Info.plist */ = {isa = PBXFileReference; lastKnownFileType = text.plist.xml; path = Info.plist; sourceTree = "<group>"; };
/* End PBXFileReference section */

/* Begin PBXFrameworksBuildPhase section */
		1DD181681E76474300AF16BA /* Frameworks */ = {
			isa = PBXFrameworksBuildPhase;
			buildActionMask = 2147483647;
			files = (
			);
			runOnlyForDeploymentPostprocessing = 0;
		};
/* End PBXFrameworksBuildPhase section */

/* Begin PBXGroup section */
		1DD181621E76474200AF16BA = {
			isa = PBXGroup;
			children = (
				1DD1816D1E76474300AF16BA /* Blue Tooth connection */,
				1DD1816C1E76474300AF16BA /* Products */,
			);
			sourceTree = "<group>";
		};
		1DD1816C1E76474300AF16BA /* Products */ = {
			isa = PBXGroup;
			children = (
				1DD1816B1E76474300AF16BA /* Blue Tooth connection.app */,
			);
			name = Products;
			sourceTree = "<group>";
		};
		1DD1816D1E76474300AF16BA /* Blue Tooth connection */ = {
			isa = PBXGroup;
			children = (
				1DD181821E7649F300AF16BA /* Supporting files */,
				1DD181701E76474300AF16BA /* ViewController.swift */,
				1DD181721E76474300AF16BA /* Main.storyboard */,
			);
			path = "Blue Tooth connection";
			sourceTree = "<group>";
		};
		1DD181821E7649F300AF16BA /* Supporting files */ = {
			isa = PBXGroup;
			children = (
				1DD1816E1E76474300AF16BA /* AppDelegate.swift */,
				1DD181751E76474300AF16BA /* Assets.xcassets */,
				1DD181771E76474300AF16BA /* LaunchScreen.storyboard */,
				1DD1817A1E76474300AF16BA /* Info.plist */,
			);
			name = "Supporting files";
			sourceTree = "<group>";
		};
/* End PBXGroup section */

/* Begin PBXNativeTarget section */
		1DD1816A1E76474300AF16BA /* Blue Tooth connection */ = {
			isa = PBXNativeTarget;
			buildConfigurationList = 1DD1817D1E76474300AF16BA /* Build configuration list for PBXNativeTarget "Blue Tooth connection" */;
			buildPhases = (
				1DD181671E76474300AF16BA /* Sources */,
				1DD181681E76474300AF16BA /* Frameworks */,
				1DD181691E76474300AF16BA /* Resources */,
			);
			buildRules = (
			);
			dependencies = (
			);
			name = "Blue Tooth connection";
			productName = "Blue Tooth connection";
			productReference = 1DD1816B1E76474300AF16BA /* Blue Tooth connection.app */;
			productType = "com.apple.product-type.application";
		};
/* End PBXNativeTarget section */

/* Begin PBXProject section */
		1DD181631E76474200AF16BA /* Project object */ = {
			isa = PBXProject;
			attributes = {
				LastSwiftUpdateCheck = 0820;
				LastUpgradeCheck = 0820;
				ORGANIZATIONNAME = "Jake Naughton";
				TargetAttributes = {
					1DD1816A1E76474300AF16BA = {
						CreatedOnToolsVersion = 8.2.1;
						DevelopmentTeam = 4L75R28P26;
						ProvisioningStyle = Automatic;
					};
				};
			};
			buildConfigurationList = 1DD181661E76474200AF16BA /* Build configuration list for PBXProject "Blue Tooth connection" */;
			compatibilityVersion = "Xcode 3.2";
			developmentRegion = English;
			hasScannedForEncodings = 0;
			knownRegions = (
				en,
				Base,
			);
			mainGroup = 1DD181621E76474200AF16BA;
			productRefGroup = 1DD1816C1E76474300AF16BA /* Products */;
			projectDirPath = "";
			projectRoot = "";
			targets = (
				1DD1816A1E76474300AF16BA /* Blue Tooth connection */,
			);
		};
/* End PBXProject section */

/* Begin PBXResourcesBuildPhase section */
		1DD181691E76474300AF16BA /* Resources */ = {
			isa = PBXResourcesBuildPhase;
			buildActionMask = 2147483647;
			files = (
				1DD181791E76474300AF16BA /* LaunchScreen.storyboard in Resources */,
				1DD181761E76474300AF16BA /* Assets.xcassets in Resources */,
				1DD181741E76474300AF16BA /* Main.storyboard in Resources */,
			);
			runOnlyForDeploymentPostprocessing = 0;
		};
/* End PBXResourcesBuildPhase section */

/* Begin PBXSourcesBuildPhase section */
		1DD181671E76474300AF16BA /* Sources */ = {
			isa = PBXSourcesBuildPhase;
			buildActionMask = 2147483647;
			files = (
				1DD181711E76474300AF16BA /* ViewController.swift in Sources */,
				1DD1816F1E76474300AF16BA /* AppDelegate.swift in Sources */,
			);
			runOnlyForDeploymentPostprocessing = 0;
		};
/* End PBXSourcesBuildPhase section */

/* Begin PBXVariantGroup section */
		1DD181721E76474300AF16BA /* Main.storyboard */ = {
			isa = PBXVariantGroup;
			children = (
				1DD181731E76474300AF16BA /* Base */,
			);
			name = Main.storyboard;
			sourceTree = "<group>";
		};
		1DD181771E76474300AF16BA /* LaunchScreen.storyboard */ = {
			isa = PBXVariantGroup;
			children = (
				1DD181781E76474300AF16BA /* Base */,
			);
			name = LaunchScreen.storyboard;
			sourceTree = "<group>";
		};
/* End PBXVariantGroup section */

/* Begin XCBuildConfiguration section */
		1DD1817B1E76474300AF16BA /* Debug */ = {
			isa = XCBuildConfiguration;
			buildSettings = {
				ALWAYS_SEARCH_USER_PATHS = NO;
				CLANG_ANALYZER_NONNULL = YES;
				CLANG_CXX_LANGUAGE_STANDARD = "gnu++0x";
				CLANG_CXX_LIBRARY = "libc++";
				CLANG_ENABLE_MODULES = YES;
				CLANG_ENABLE_OBJC_ARC = YES;
				CLANG_WARN_BOOL_CONVERSION = YES;
				CLANG_WARN_CONSTANT_CONVERSION = YES;
				CLANG_WARN_DIRECT_OBJC_ISA_USAGE = YES_ERROR;
				CLANG_WARN_DOCUMENTATION_COMMENTS = YES;
				CLANG_WARN_EMPTY_BODY = YES;
				CLANG_WARN_ENUM_CONVERSION = YES;
				CLANG_WARN_INFINITE_RECURSION = YES;
				CLANG_WARN_INT_CONVERSION = YES;
				CLANG_WARN_OBJC_ROOT_CLASS = YES_ERROR;
				CLANG_WARN_SUSPICIOUS_MOVE = YES;
				CLANG_WARN_UNREACHABLE_CODE = YES;
				CLANG_WARN__DUPLICATE_METHOD_MATCH = YES;
				"CODE_SIGN_IDENTITY[sdk=iphoneos*]" = "iPhone Developer";
				COPY_PHASE_STRIP = NO;
				DEBUG_INFORMATION_FORMAT = dwarf;
				ENABLE_STRICT_OBJC_MSGSEND = YES;
				ENABLE_TESTABILITY = YES;
				GCC_C_LANGUAGE_STANDARD = gnu99;
				GCC_DYNAMIC_NO_PIC = NO;
				GCC_NO_COMMON_BLOCKS = YES;
				GCC_OPTIMIZATION_LEVEL = 0;
				GCC_PREPROCESSOR_DEFINITIONS = (
					"DEBUG=1",
					"$(inherited)",
				);
				GCC_WARN_64_TO_32_BIT_CONVERSION = YES;
				GCC_WARN_ABOUT_RETURN_TYPE = YES_ERROR;
				GCC_WARN_UNDECLARED_SELECTOR = YES;
				GCC_WARN_UNINITIALIZED_AUTOS = YES_AGGRESSIVE;
				GCC_WARN_UNUSED_FUNCTION = YES;
				GCC_WARN_UNUSED_VARIABLE = YES;
				IPHONEOS_DEPLOYMENT_TARGET = 10.2;
				MTL_ENABLE_DEBUG_INFO = YES;
				ONLY_ACTIVE_ARCH = YES;
				SDKROOT = iphoneos;
				SWIFT_ACTIVE_COMPILATION_CONDITIONS = DEBUG;
				SWIFT_OPTIMIZATION_LEVEL = "-Onone";
			};
			name = Debug;
		};
		1DD1817C1E76474300AF16BA /* Release */ = {
			isa = XCBuildConfiguration;
			buildSettings = {
				ALWAYS_SEARCH_USER_PATHS = NO;
				CLANG_ANALYZER_NONNULL = YES;
				CLANG_CXX_LANGUAGE_STANDARD = "gnu++0x";
				CLANG_CXX_LIBRARY = "libc++";
				CLANG_ENABLE_MODULES = YES;
				CLANG_ENABLE_OBJC_ARC = YES;
				CLANG_WARN_BOOL_CONVERSION = YES;
				CLANG_WARN_CONSTANT_CONVERSION = YES;
				CLANG_WARN_DIRECT_OBJC_ISA_USAGE = YES_ERROR;
				CLANG_WARN_DOCUMENTATION_COMMENTS = YES;
				CLANG_WARN_EMPTY_BODY = YES;
				CLANG_WARN_ENUM_CONVERSION = YES;
				CLANG_WARN_INFINITE_RECURSION = YES;
				CLANG_WARN_INT_CONVERSION = YES;
				CLANG_WARN_OBJC_ROOT_CLASS = YES_ERROR;
				CLANG_WARN_SUSPICIOUS_MOVE = YES;
				CLANG_WARN_UNREACHABLE_CODE = YES;
				CLANG_WARN__DUPLICATE_METHOD_MATCH = YES;
				"CODE_SIGN_IDENTITY[sdk=iphoneos*]" = "iPhone Developer";
				COPY_PHASE_STRIP = NO;
				DEBUG_INFORMATION_FORMAT = "dwarf-with-dsym";
				ENABLE_NS_ASSERTIONS = NO;
				ENABLE_STRICT_OBJC_MSGSEND = YES;
				GCC_C_LANGUAGE_STANDARD = gnu99;
				GCC_NO_COMMON_BLOCKS = YES;
				GCC_WARN_64_TO_32_BIT_CONVERSION = YES;
				GCC_WARN_ABOUT_RETURN_TYPE = YES_ERROR;
				GCC_WARN_UNDECLARED_SELECTOR = YES;
				GCC_WARN_UNINITIALIZED_AUTOS = YES_AGGRESSIVE;
				GCC_WARN_UNUSED_FUNCTION = YES;
				GCC_WARN_UNUSED_VARIABLE = YES;
				IPHONEOS_DEPLOYMENT_TARGET = 10.2;
				MTL_ENABLE_DEBUG_INFO = NO;
				SDKROOT = iphoneos;
				SWIFT_OPTIMIZATION_LEVEL = "-Owholemodule";
				VALIDATE_PRODUCT = YES;
			};
			name = Release;
		};
		1DD1817E1E76474300AF16BA /* Debug */ = {
			isa = XCBuildConfiguration;
			buildSettings = {
				ASSETCATALOG_COMPILER_APPICON_NAME = AppIcon;
				DEVELOPMENT_TEAM = 4L75R28P26;
				INFOPLIST_FILE = "Blue Tooth connection/Info.plist";
				LD_RUNPATH_SEARCH_PATHS = "$(inherited) @executable_path/Frameworks";
				PRODUCT_BUNDLE_IDENTIFIER = "example.com.Blue-Tooth-connection";
				PRODUCT_NAME = "$(TARGET_NAME)";
				SWIFT_VERSION = 3.0;
			};
			name = Debug;
		};
		1DD1817F1E76474300AF16BA /* Release */ = {
			isa = XCBuildConfiguration;
			buildSettings = {
				ASSETCATALOG_COMPILER_APPICON_NAME = AppIcon;
				DEVELOPMENT_TEAM = 4L75R28P26;
				INFOPLIST_FILE = "Blue Tooth connection/Info.plist";
				LD_RUNPATH_SEARCH_PATHS = "$(inherited) @executable_path/Frameworks";
				PRODUCT_BUNDLE_IDENTIFIER = "example.com.Blue-Tooth-connection";
				PRODUCT_NAME = "$(TARGET_NAME)";
				SWIFT_VERSION = 3.0;
			};
			name = Release;
		};
/* End XCBuildConfiguration section */

/* Begin XCConfigurationList section */
		1DD181661E76474200AF16BA /* Build configuration list for PBXProject "Blue Tooth connection" */ = {
			isa = XCConfigurationList;
			buildConfigurations = (
				1DD1817B1E76474300AF16BA /* Debug */,
				1DD1817C1E76474300AF16BA /* Release */,
			);
			defaultConfigurationIsVisible = 0;
			defaultConfigurationName = Release;
		};
		1DD1817D1E76474300AF16BA /* Build configuration list for PBXNativeTarget "Blue Tooth connection" */ = {
			isa = XCConfigurationList;
			buildConfigurations = (
				1DD1817E1E76474300AF16BA /* Debug */,
				1DD1817F1E76474300AF16BA /* Release */,
			);
			defaultConfigurationIsVisible = 0;
		};
/* End XCConfigurationList section */
	};
	rootObject = 1DD181631E76474200AF16BA /* Project object */;
}
